%{"earmark": {:hex, :earmark, "1.2.3", "206eb2e2ac1a794aa5256f3982de7a76bf4579ff91cb28d0e17ea2c9491e46a4", [], [], "hexpm"},
  "ex_doc": {:hex, :ex_doc, "0.18.1", "37c69d2ef62f24928c1f4fdc7c724ea04aecfdf500c4329185f8e3649c915baf", [], [{:earmark, "~> 1.1", [hex: :earmark, repo: "hexpm", optional: false]}], "hexpm"},
  "ex_json_schema": {:hex, :ex_json_schema, "0.5.5", "d8d4c3f47b86c9e634e124d518b290dda82a8b94dcc314e45af10042fc369361", [], [], "hexpm"},
  "memoize": {:hex, :memoize, "1.2.3", "c9c382005c549e7566fe21d5d7c1538d0d57d821b49e6af27c0948b80bc727dd", [], [], "hexpm"}}
