%{
  "earmark": {:hex, :earmark, "1.2.4", "99b637c62a4d65a20a9fb674b8cffb8baa771c04605a80c911c4418c69b75439", [:mix], [], "hexpm"},
  "ex_doc": {:hex, :ex_doc, "0.18.1", "37c69d2ef62f24928c1f4fdc7c724ea04aecfdf500c4329185f8e3649c915baf", [:mix], [{:earmark, "~> 1.1", [hex: :earmark, repo: "hexpm", optional: false]}], "hexpm"},
  "ex_json_schema": {:hex, :ex_json_schema, "0.5.5", "d8d4c3f47b86c9e634e124d518b290dda82a8b94dcc314e45af10042fc369361", [:mix], [], "hexpm"},
  "memoize": {:hex, :memoize, "1.2.5", "aa319c1a08d0564b5f69e4b190412ecab6e3a90b641663d46630e8d9778bb55c", [:mix], [], "hexpm"},
}
